
Microsoft Visual Studio Solution File, Format Version 12.00
# Visual Studio Version 17
VisualStudioVersion = 17.11.35312.102
MinimumVisualStudioVersion = 10.0.40219.1
Project("{8BC9CEB8-8B4A-11D0-8D11-00A0C91BC942}") = "TestFile", "TestFile\TestFile.vcxproj", "{FECBD40E-269A-497B-B489-B1CD708975BF}"
EndProject
Project("{8BC9CEB8-8B4A-11D0-8D11-00A0C91BC942}") = "TestRpg000", "TestRpg000\TestRpg000.vcxproj", "{FD1CEC10-DF96-4B96-8C29-EC8B653FC96B}"
EndProject
Global
	GlobalSection(SolutionConfigurationPlatforms) = preSolution
		Debug|x64 = Debug|x64
		Debug|x86 = Debug|x86
		Release|x64 = Release|x64
		Release|x86 = Release|x86
	EndGlobalSection
	GlobalSection(ProjectConfigurationPlatforms) = postSolution
		{FECBD40E-269A-497B-B489-B1CD708975BF}.Debug|x64.ActiveCfg = Debug|x64
		{FECBD40E-269A-497B-B489-B1CD708975BF}.Debug|x64.Build.0 = Debug|x64
		{FECBD40E-269A-497B-B489-B1CD708975BF}.Debug|x86.ActiveCfg = Debug|Win32
		{FECBD40E-269A-497B-B489-B1CD708975BF}.Debug|x86.Build.0 = Debug|Win32
		{FECBD40E-269A-497B-B489-B1CD708975BF}.Release|x64.ActiveCfg = Release|x64
		{FECBD40E-269A-497B-B489-B1CD708975BF}.Release|x64.Build.0 = Release|x64
		{FECBD40E-269A-497B-B489-B1CD708975BF}.Release|x86.ActiveCfg = Release|Win32
		{FECBD40E-269A-497B-B489-B1CD708975BF}.Release|x86.Build.0 = Release|Win32
		{FD1CEC10-DF96-4B96-8C29-EC8B653FC96B}.Debug|x64.ActiveCfg = Debug|x64
		{FD1CEC10-DF96-4B96-8C29-EC8B653FC96B}.Debug|x64.Build.0 = Debug|x64
		{FD1CEC10-DF96-4B96-8C29-EC8B653FC96B}.Debug|x86.ActiveCfg = Debug|Win32
		{FD1CEC10-DF96-4B96-8C29-EC8B653FC96B}.Debug|x86.Build.0 = Debug|Win32
		{FD1CEC10-DF96-4B96-8C29-EC8B653FC96B}.Release|x64.ActiveCfg = Release|x64
		{FD1CEC10-DF96-4B96-8C29-EC8B653FC96B}.Release|x64.Build.0 = Release|x64
		{FD1CEC10-DF96-4B96-8C29-EC8B653FC96B}.Release|x86.ActiveCfg = Release|Win32
		{FD1CEC10-DF96-4B96-8C29-EC8B653FC96B}.Release|x86.Build.0 = Release|Win32
	EndGlobalSection
	GlobalSection(SolutionProperties) = preSolution
		HideSolutionNode = FALSE
	EndGlobalSection
	GlobalSection(ExtensibilityGlobals) = postSolution
		SolutionGuid = {51E29CCE-7EE3-4D59-839A-A8670D04F143}
	EndGlobalSection
EndGlobal
